
Microsoft Visual Studio Solution File, Format Version 12.00
# Visual Studio Version 17
VisualStudioVersion = 17.0.31903.59
MinimumVisualStudioVersion = 10.0.40219.1
Project("{2150E333-8FDC-42A3-9474-1A3956D46DE8}") = "src", "src", "{827E0CD3-B72D-47B6-A68D-7590B98EB39B}"
EndProject
Project("{FAE04EC0-301F-11D3-BF4B-00C04F79EFBC}") = "PlatziStore.Host", "src\PlatziStore.Host\PlatziStore.Host.csproj", "{B0E50BC7-D166-4673-A33F-3D8641EE2D09}"
EndProject
Project("{FAE04EC0-301F-11D3-BF4B-00C04F79EFBC}") = "PlatziStore.Application", "src\PlatziStore.Application\PlatziStore.Application.csproj", "{7A2A988C-D7BE-45EB-B203-65E29A06407F}"
EndProject
Project("{FAE04EC0-301F-11D3-BF4B-00C04F79EFBC}") = "PlatziStore.Domain", "src\PlatziStore.Domain\PlatziStore.Domain.csproj", "{AB536CCB-E79E-42D2-AF75-E24CA788F758}"
EndProject
Project("{FAE04EC0-301F-11D3-BF4B-00C04F79EFBC}") = "PlatziStore.Infrastructure", "src\PlatziStore.Infrastructure\PlatziStore.Infrastructure.csproj", "{4E66FAA0-6743-4452-80A2-FBBFABAF5BA3}"
EndProject
Project("{FAE04EC0-301F-11D3-BF4B-00C04F79EFBC}") = "PlatziStore.Shared", "src\PlatziStore.Shared\PlatziStore.Shared.csproj", "{4DDEF2A4-0B62-4DAE-B22E-694666215BD4}"
EndProject
Project("{FAE04EC0-301F-11D3-BF4B-00C04F79EFBC}") = "PlatziStore.Application.Tests", "tests\PlatziStore.Application.Tests\PlatziStore.Application.Tests.csproj", "{6F0B49EA-14E4-4AC1-BA0A-9632A53CF00A}"
EndProject
Project("{FAE04EC0-301F-11D3-BF4B-00C04F79EFBC}") = "PlatziStore.Infrastructure.Tests", "tests\PlatziStore.Infrastructure.Tests\PlatziStore.Infrastructure.Tests.csproj", "{F47DB9C1-5805-4CF0-8A07-FCFA0A36BA37}"
EndProject
Project("{FAE04EC0-301F-11D3-BF4B-00C04F79EFBC}") = "PlatziStore.Host.Tests", "tests\PlatziStore.Host.Tests\PlatziStore.Host.Tests.csproj", "{13D4210F-E249-4268-A39C-56C01B344EEC}"
EndProject
Global
	GlobalSection(SolutionConfigurationPlatforms) = preSolution
		Debug|Any CPU = Debug|Any CPU
		Debug|x64 = Debug|x64
		Debug|x86 = Debug|x86
		Release|Any CPU = Release|Any CPU
		Release|x64 = Release|x64
		Release|x86 = Release|x86
	EndGlobalSection
	GlobalSection(ProjectConfigurationPlatforms) = postSolution
		{B0E50BC7-D166-4673-A33F-3D8641EE2D09}.Debug|Any CPU.ActiveCfg = Debug|Any CPU
		{B0E50BC7-D166-4673-A33F-3D8641EE2D09}.Debug|Any CPU.Build.0 = Debug|Any CPU
		{B0E50BC7-D166-4673-A33F-3D8641EE2D09}.Debug|x64.ActiveCfg = Debug|Any CPU
		{B0E50BC7-D166-4673-A33F-3D8641EE2D09}.Debug|x64.Build.0 = Debug|Any CPU
		{B0E50BC7-D166-4673-A33F-3D8641EE2D09}.Debug|x86.ActiveCfg = Debug|Any CPU
		{B0E50BC7-D166-4673-A33F-3D8641EE2D09}.Debug|x86.Build.0 = Debug|Any CPU
		{B0E50BC7-D166-4673-A33F-3D8641EE2D09}.Release|Any CPU.ActiveCfg = Release|Any CPU
		{B0E50BC7-D166-4673-A33F-3D8641EE2D09}.Release|Any CPU.Build.0 = Release|Any CPU
		{B0E50BC7-D166-4673-A33F-3D8641EE2D09}.Release|x64.ActiveCfg = Release|Any CPU
		{B0E50BC7-D166-4673-A33F-3D8641EE2D09}.Release|x64.Build.0 = Release|Any CPU
		{B0E50BC7-D166-4673-A33F-3D8641EE2D09}.Release|x86.ActiveCfg = Release|Any CPU
		{B0E50BC7-D166-4673-A33F-3D8641EE2D09}.Release|x86.Build.0 = Release|Any CPU
		{7A2A988C-D7BE-45EB-B203-65E29A06407F}.Debug|Any CPU.ActiveCfg = Debug|Any CPU
		{7A2A988C-D7BE-45EB-B203-65E29A06407F}.Debug|Any CPU.Build.0 = Debug|Any CPU
		{7A2A988C-D7BE-45EB-B203-65E29A06407F}.Debug|x64.ActiveCfg = Debug|Any CPU
		{7A2A988C-D7BE-45EB-B203-65E29A06407F}.Debug|x64.Build.0 = Debug|Any CPU
		{7A2A988C-D7BE-45EB-B203-65E29A06407F}.Debug|x86.ActiveCfg = Debug|Any CPU
		{7A2A988C-D7BE-45EB-B203-65E29A06407F}.Debug|x86.Build.0 = Debug|Any CPU
		{7A2A988C-D7BE-45EB-B203-65E29A06407F}.Release|Any CPU.ActiveCfg = Release|Any CPU
		{7A2A988C-D7BE-45EB-B203-65E29A06407F}.Release|Any CPU.Build.0 = Release|Any CPU
		{7A2A988C-D7BE-45EB-B203-65E29A06407F}.Release|x64.ActiveCfg = Release|Any CPU
		{7A2A988C-D7BE-45EB-B203-65E29A06407F}.Release|x64.Build.0 = Release|Any CPU
		{7A2A988C-D7BE-45EB-B203-65E29A06407F}.Release|x86.ActiveCfg = Release|Any CPU
		{7A2A988C-D7BE-45EB-B203-65E29A06407F}.Release|x86.Build.0 = Release|Any CPU
		{AB536CCB-E79E-42D2-AF75-E24CA788F758}.Debug|Any CPU.ActiveCfg = Debug|Any CPU
		{AB536CCB-E79E-42D2-AF75-E24CA788F758}.Debug|Any CPU.Build.0 = Debug|Any CPU
		{AB536CCB-E79E-42D2-AF75-E24CA788F758}.Debug|x64.ActiveCfg = Debug|Any CPU
		{AB536CCB-E79E-42D2-AF75-E24CA788F758}.Debug|x64.Build.0 = Debug|Any CPU
		{AB536CCB-E79E-42D2-AF75-E24CA788F758}.Debug|x86.ActiveCfg = Debug|Any CPU
		{AB536CCB-E79E-42D2-AF75-E24CA788F758}.Debug|x86.Build.0 = Debug|Any CPU
		{AB536CCB-E79E-42D2-AF75-E24CA788F758}.Release|Any CPU.ActiveCfg = Release|Any CPU
		{AB536CCB-E79E-42D2-AF75-E24CA788F758}.Release|Any CPU.Build.0 = Release|Any CPU
		{AB536CCB-E79E-42D2-AF75-E24CA788F758}.Release|x64.ActiveCfg = Release|Any CPU
		{AB536CCB-E79E-42D2-AF75-E24CA788F758}.Release|x64.Build.0 = Release|Any CPU
		{AB536CCB-E79E-42D2-AF75-E24CA788F758}.Release|x86.ActiveCfg = Release|Any CPU
		{AB536CCB-E79E-42D2-AF75-E24CA788F758}.Release|x86.Build.0 = Release|Any CPU
		{4E66FAA0-6743-4452-80A2-FBBFABAF5BA3}.Debug|Any CPU.ActiveCfg = Debug|Any CPU
		{4E66FAA0-6743-4452-80A2-FBBFABAF5BA3}.Debug|Any CPU.Build.0 = Debug|Any CPU
		{4E66FAA0-6743-4452-80A2-FBBFABAF5BA3}.Debug|x64.ActiveCfg = Debug|Any CPU
		{4E66FAA0-6743-4452-80A2-FBBFABAF5BA3}.Debug|x64.Build.0 = Debug|Any CPU
		{4E66FAA0-6743-4452-80A2-FBBFABAF5BA3}.Debug|x86.ActiveCfg = Debug|Any CPU
		{4E66FAA0-6743-4452-80A2-FBBFABAF5BA3}.Debug|x86.Build.0 = Debug|Any CPU
		{4E66FAA0-6743-4452-80A2-FBBFABAF5BA3}.Release|Any CPU.ActiveCfg = Release|Any CPU
		{4E66FAA0-6743-4452-80A2-FBBFABAF5BA3}.Release|Any CPU.Build.0 = Release|Any CPU
		{4E66FAA0-6743-4452-80A2-FBBFABAF5BA3}.Release|x64.ActiveCfg = Release|Any CPU
		{4E66FAA0-6743-4452-80A2-FBBFABAF5BA3}.Release|x64.Build.0 = Release|Any CPU
		{4E66FAA0-6743-4452-80A2-FBBFABAF5BA3}.Release|x86.ActiveCfg = Release|Any CPU
		{4E66FAA0-6743-4452-80A2-FBBFABAF5BA3}.Release|x86.Build.0 = Release|Any CPU
		{4DDEF2A4-0B62-4DAE-B22E-694666215BD4}.Debug|Any CPU.ActiveCfg = Debug|Any CPU
		{4DDEF2A4-0B62-4DAE-B22E-694666215BD4}.Debug|Any CPU.Build.0 = Debug|Any CPU
		{4DDEF2A4-0B62-4DAE-B22E-694666215BD4}.Debug|x64.ActiveCfg = Debug|Any CPU
		{4DDEF2A4-0B62-4DAE-B22E-694666215BD4}.Debug|x64.Build.0 = Debug|Any CPU
		{4DDEF2A4-0B62-4DAE-B22E-694666215BD4}.Debug|x86.ActiveCfg = Debug|Any CPU
		{4DDEF2A4-0B62-4DAE-B22E-694666215BD4}.Debug|x86.Build.0 = Debug|Any CPU
		{4DDEF2A4-0B62-4DAE-B22E-694666215BD4}.Release|Any CPU.ActiveCfg = Release|Any CPU
		{4DDEF2A4-0B62-4DAE-B22E-694666215BD4}.Release|Any CPU.Build.0 = Release|Any CPU
		{4DDEF2A4-0B62-4DAE-B22E-694666215BD4}.Release|x64.ActiveCfg = Release|Any CPU
		{4DDEF2A4-0B62-4DAE-B22E-694666215BD4}.Release|x64.Build.0 = Release|Any CPU
		{4DDEF2A4-0B62-4DAE-B22E-694666215BD4}.Release|x86.ActiveCfg = Release|Any CPU
		{4DDEF2A4-0B62-4DAE-B22E-694666215BD4}.Release|x86.Build.0 = Release|Any CPU
		{6F0B49EA-14E4-4AC1-BA0A-9632A53CF00A}.Debug|Any CPU.ActiveCfg = Debug|Any CPU
		{6F0B49EA-14E4-4AC1-BA0A-9632A53CF00A}.Debug|Any CPU.Build.0 = Debug|Any CPU
		{6F0B49EA-14E4-4AC1-BA0A-9632A53CF00A}.Debug|x64.ActiveCfg = Debug|Any CPU
		{6F0B49EA-14E4-4AC1-BA0A-9632A53CF00A}.Debug|x64.Build.0 = Debug|Any CPU
		{6F0B49EA-14E4-4AC1-BA0A-9632A53CF00A}.Debug|x86.ActiveCfg = Debug|Any CPU
		{6F0B49EA-14E4-4AC1-BA0A-9632A53CF00A}.Debug|x86.Build.0 = Debug|Any CPU
		{6F0B49EA-14E4-4AC1-BA0A-9632A53CF00A}.Release|Any CPU.ActiveCfg = Release|Any CPU
		{6F0B49EA-14E4-4AC1-BA0A-9632A53CF00A}.Release|Any CPU.Build.0 = Release|Any CPU
		{6F0B49EA-14E4-4AC1-BA0A-9632A53CF00A}.Release|x64.ActiveCfg = Release|Any CPU
		{6F0B49EA-14E4-4AC1-BA0A-9632A53CF00A}.Release|x64.Build.0 = Release|Any CPU
		{6F0B49EA-14E4-4AC1-BA0A-9632A53CF00A}.Release|x86.ActiveCfg = Release|Any CPU
		{6F0B49EA-14E4-4AC1-BA0A-9632A53CF00A}.Release|x86.Build.0 = Release|Any CPU
		{F47DB9C1-5805-4CF0-8A07-FCFA0A36BA37}.Debug|Any CPU.ActiveCfg = Debug|Any CPU
		{F47DB9C1-5805-4CF0-8A07-FCFA0A36BA37}.Debug|Any CPU.Build.0 = Debug|Any CPU
		{F47DB9C1-5805-4CF0-8A07-FCFA0A36BA37}.Debug|x64.ActiveCfg = Debug|Any CPU
		{F47DB9C1-5805-4CF0-8A07-FCFA0A36BA37}.Debug|x64.Build.0 = Debug|Any CPU
		{F47DB9C1-5805-4CF0-8A07-FCFA0A36BA37}.Debug|x86.ActiveCfg = Debug|Any CPU
		{F47DB9C1-5805-4CF0-8A07-FCFA0A36BA37}.Debug|x86.Build.0 = Debug|Any CPU
		{F47DB9C1-5805-4CF0-8A07-FCFA0A36BA37}.Release|Any CPU.ActiveCfg = Release|Any CPU
		{F47DB9C1-5805-4CF0-8A07-FCFA0A36BA37}.Release|Any CPU.Build.0 = Release|Any CPU
		{F47DB9C1-5805-4CF0-8A07-FCFA0A36BA37}.Release|x64.ActiveCfg = Release|Any CPU
		{F47DB9C1-5805-4CF0-8A07-FCFA0A36BA37}.Release|x64.Build.0 = Release|Any CPU
		{F47DB9C1-5805-4CF0-8A07-FCFA0A36BA37}.Release|x86.ActiveCfg = Release|Any CPU
		{F47DB9C1-5805-4CF0-8A07-FCFA0A36BA37}.Release|x86.Build.0 = Release|Any CPU
		{13D4210F-E249-4268-A39C-56C01B344EEC}.Debug|Any CPU.ActiveCfg = Debug|Any CPU
		{13D4210F-E249-4268-A39C-56C01B344EEC}.Debug|Any CPU.Build.0 = Debug|Any CPU
		{13D4210F-E249-4268-A39C-56C01B344EEC}.Debug|x64.ActiveCfg = Debug|Any CPU
		{13D4210F-E249-4268-A39C-56C01B344EEC}.Debug|x64.Build.0 = Debug|Any CPU
		{13D4210F-E249-4268-A39C-56C01B344EEC}.Debug|x86.ActiveCfg = Debug|Any CPU
		{13D4210F-E249-4268-A39C-56C01B344EEC}.Debug|x86.Build.0 = Debug|Any CPU
		{13D4210F-E249-4268-A39C-56C01B344EEC}.Release|Any CPU.ActiveCfg = Release|Any CPU
		{13D4210F-E249-4268-A39C-56C01B344EEC}.Release|Any CPU.Build.0 = Release|Any CPU
		{13D4210F-E249-4268-A39C-56C01B344EEC}.Release|x64.ActiveCfg = Release|Any CPU
		{13D4210F-E249-4268-A39C-56C01B344EEC}.Release|x64.Build.0 = Release|Any CPU
		{13D4210F-E249-4268-A39C-56C01B344EEC}.Release|x86.ActiveCfg = Release|Any CPU
		{13D4210F-E249-4268-A39C-56C01B344EEC}.Release|x86.Build.0 = Release|Any CPU
	EndGlobalSection
	GlobalSection(SolutionProperties) = preSolution
		HideSolutionNode = FALSE
	EndGlobalSection
	GlobalSection(NestedProjects) = preSolution
		{B0E50BC7-D166-4673-A33F-3D8641EE2D09} = {827E0CD3-B72D-47B6-A68D-7590B98EB39B}
		{7A2A988C-D7BE-45EB-B203-65E29A06407F} = {827E0CD3-B72D-47B6-A68D-7590B98EB39B}
		{AB536CCB-E79E-42D2-AF75-E24CA788F758} = {827E0CD3-B72D-47B6-A68D-7590B98EB39B}
		{4E66FAA0-6743-4452-80A2-FBBFABAF5BA3} = {827E0CD3-B72D-47B6-A68D-7590B98EB39B}
		{4DDEF2A4-0B62-4DAE-B22E-694666215BD4} = {827E0CD3-B72D-47B6-A68D-7590B98EB39B}
		{6F0B49EA-14E4-4AC1-BA0A-9632A53CF00A} = {827E0CD3-B72D-47B6-A68D-7590B98EB39B}
		{F47DB9C1-5805-4CF0-8A07-FCFA0A36BA37} = {827E0CD3-B72D-47B6-A68D-7590B98EB39B}
		{13D4210F-E249-4268-A39C-56C01B344EEC} = {827E0CD3-B72D-47B6-A68D-7590B98EB39B}
	EndGlobalSection
EndGlobal
